
Microsoft Visual Studio Solution File, Format Version 12.00
# Visual Studio Version 17
VisualStudioVersion = 17.9.34616.47
MinimumVisualStudioVersion = 10.0.40219.1
Project("{9A19103F-16F7-4668-BE54-9A1E7A4F7556}") = "Model", "Model\Model.csproj", "{A83A8877-A7B0-4D71-8C97-907854BC9545}"
EndProject
Project("{FAE04EC0-301F-11D3-BF4B-00C04F79EFBC}") = "Api", "Api\Api.csproj", "{ACDB7CD1-7540-431A-94A7-9E7393E20626}"
EndProject
Global
	GlobalSection(SolutionConfigurationPlatforms) = preSolution
		Debug|Any CPU = Debug|Any CPU
		Release|Any CPU = Release|Any CPU
	EndGlobalSection
	GlobalSection(ProjectConfigurationPlatforms) = postSolution
		{A83A8877-A7B0-4D71-8C97-907854BC9545}.Debug|Any CPU.ActiveCfg = Debug|Any CPU
		{A83A8877-A7B0-4D71-8C97-907854BC9545}.Debug|Any CPU.Build.0 = Debug|Any CPU
		{A83A8877-A7B0-4D71-8C97-907854BC9545}.Release|Any CPU.ActiveCfg = Release|Any CPU
		{A83A8877-A7B0-4D71-8C97-907854BC9545}.Release|Any CPU.Build.0 = Release|Any CPU
		{ACDB7CD1-7540-431A-94A7-9E7393E20626}.Debug|Any CPU.ActiveCfg = Debug|Any CPU
		{ACDB7CD1-7540-431A-94A7-9E7393E20626}.Debug|Any CPU.Build.0 = Debug|Any CPU
		{ACDB7CD1-7540-431A-94A7-9E7393E20626}.Release|Any CPU.ActiveCfg = Release|Any CPU
		{ACDB7CD1-7540-431A-94A7-9E7393E20626}.Release|Any CPU.Build.0 = Release|Any CPU
	EndGlobalSection
	GlobalSection(SolutionProperties) = preSolution
		HideSolutionNode = FALSE
	EndGlobalSection
	GlobalSection(ExtensibilityGlobals) = postSolution
		SolutionGuid = {80548323-DA67-4876-B428-BE6D9C249E41}
	EndGlobalSection
EndGlobal
